
Microsoft Visual Studio Solution File, Format Version 12.00
# Visual Studio Version 17
VisualStudioVersion = 17.8.34316.72
MinimumVisualStudioVersion = 10.0.40219.1
Project("{FAE04EC0-301F-11D3-BF4B-00C04F79EFBC}") = "RefreshCommand", "RefreshCommand\RefreshCommand.csproj", "{B2E32D9F-5F80-492E-B441-B8308B3D0ADA}"
EndProject
Global
	GlobalSection(SolutionConfigurationPlatforms) = preSolution
		Debug|Any CPU = Debug|Any CPU
		Release|Any CPU = Release|Any CPU
	EndGlobalSection
	GlobalSection(ProjectConfigurationPlatforms) = postSolution
		{B2E32D9F-5F80-492E-B441-B8308B3D0ADA}.Debug|Any CPU.ActiveCfg = Debug|Any CPU
		{B2E32D9F-5F80-492E-B441-B8308B3D0ADA}.Debug|Any CPU.Build.0 = Debug|Any CPU
		{B2E32D9F-5F80-492E-B441-B8308B3D0ADA}.Debug|Any CPU.Deploy.0 = Debug|Any CPU
		{B2E32D9F-5F80-492E-B441-B8308B3D0ADA}.Release|Any CPU.ActiveCfg = Release|Any CPU
		{B2E32D9F-5F80-492E-B441-B8308B3D0ADA}.Release|Any CPU.Build.0 = Release|Any CPU
		{B2E32D9F-5F80-492E-B441-B8308B3D0ADA}.Release|Any CPU.Deploy.0 = Release|Any CPU
	EndGlobalSection
	GlobalSection(SolutionProperties) = preSolution
		HideSolutionNode = FALSE
	EndGlobalSection
	GlobalSection(ExtensibilityGlobals) = postSolution
		SolutionGuid = {1F91F374-BF41-45A1-8C69-C4676ED7E2B5}
	EndGlobalSection
EndGlobal
